
Microsoft Visual Studio Solution File, Format Version 12.00
# Visual Studio Version 16
VisualStudioVersion = 16.0.29102.190
MinimumVisualStudioVersion = 10.0.40219.1
Project("{FAE04EC0-301F-11D3-BF4B-00C04F79EFBC}") = "ConsoleApp70", "ConsoleApp70\ConsoleApp70.csproj", "{55FC5BCE-EB1F-455B-88CF-569F8141C67F}"
EndProject
Global
	GlobalSection(SolutionConfigurationPlatforms) = preSolution
		Debug|Any CPU = Debug|Any CPU
		Release|Any CPU = Release|Any CPU
	EndGlobalSection
	GlobalSection(ProjectConfigurationPlatforms) = postSolution
		{55FC5BCE-EB1F-455B-88CF-569F8141C67F}.Debug|Any CPU.ActiveCfg = Debug|Any CPU
		{55FC5BCE-EB1F-455B-88CF-569F8141C67F}.Debug|Any CPU.Build.0 = Debug|Any CPU
		{55FC5BCE-EB1F-455B-88CF-569F8141C67F}.Release|Any CPU.ActiveCfg = Release|Any CPU
		{55FC5BCE-EB1F-455B-88CF-569F8141C67F}.Release|Any CPU.Build.0 = Release|Any CPU
	EndGlobalSection
	GlobalSection(SolutionProperties) = preSolution
		HideSolutionNode = FALSE
	EndGlobalSection
	GlobalSection(ExtensibilityGlobals) = postSolution
		SolutionGuid = {06A73453-E8CF-4C79-8320-92802C8DF86F}
	EndGlobalSection
EndGlobal
